{
  "lockfileVersion": 1,
  "workspaces": {
    "": {
      "dependencies": {
        "@types/node": "^24.9.1",
        "@types/ws": "^8.18.1",
        "es6-promise": "^4.2.4",
        "whatwg-fetch": "^3.0.0",
        "ws": "^8.18.3",
      },
      "devDependencies": {
        "typescript": "^4.0",
      },
    },
  },
  "packages": {
    "@types/node": ["@types/node@24.9.1", "", { "dependencies": { "undici-types": "~7.16.0" } }, "sha512-QoiaXANRkSXK6p0Duvt56W208du4P9Uye9hWLWgGMDTEoKPhuenzNcC4vGUmrNkiOKTlIrBoyNQYNpSwfEZXSg=="],

    "@types/ws": ["@types/ws@8.18.1", "", { "dependencies": { "@types/node": "*" } }, "sha512-ThVF6DCVhA8kUGy+aazFQ4kXQ7E1Ty7A3ypFOe0IcJV8O/M511G99AW24irKrW56Wt44yG9+ij8FaqoBGkuBXg=="],

    "es6-promise": ["es6-promise@4.2.8", "", {}, "sha512-HJDGx5daxeIvxdBxvG2cb9g4tEvwIk3i8+nhX0yGrYmZUzbkdg8QbDevheDB8gd0//uPj4c1EQua8Q+MViT0/w=="],

    "typescript": ["typescript@4.9.5", "", { "bin": { "tsc": "bin/tsc", "tsserver": "bin/tsserver" } }, "sha512-1FXk9E2Hm+QzZQ7z+McJiHL4NW1F2EzMu9Nq9i3zAaGqibafqYwCVU6WyWAuyQRRzOlxou8xZSyXLEN8oKj24g=="],

    "undici-types": ["undici-types@7.16.0", "", {}, "sha512-Zz+aZWSj8LE6zoxD+xrjh4VfkIG8Ya6LvYkZqtUQGJPZjYl53ypCaUwWqo7eI0x66KBGeRo+mlBEkMSeSZ38Nw=="],

    "whatwg-fetch": ["whatwg-fetch@3.6.20", "", {}, "sha512-EqhiFU6daOA8kpjOWTL0olhVOF3i7OrFzSYiGsEMB8GcXS+RrzauAERX65xMeNWVqxA6HXH2m69Z9LaKKdisfg=="],

    "ws": ["ws@8.18.3", "", { "peerDependencies": { "bufferutil": "^4.0.1", "utf-8-validate": ">=5.0.2" }, "optionalPeers": ["bufferutil", "utf-8-validate"] }, "sha512-PEIGCY5tSlUt50cqyMXfCzX+oOPqN0vuGqWzbcJ2xvnkzkq46oOpz7dQaTDBdfICb4N14+GARUDw2XV2N4tvzg=="],
  }
}
